# THIS IS AN AUTOGENERATED FILE. DO NOT EDIT THIS FILE DIRECTLY.
# yarn lockfile v1


bootstrap@^5.1.0:
  version "5.1.0"
  resolved "https://registry.nlark.com/bootstrap/download/bootstrap-5.1.0.tgz#543ef8f44f4b9af67b0230f19508542fec38ef55"
  integrity sha1-VD749E9LmvZ7AjDxlQhUL+w471U=

uikit@^3.7.2:
  version "3.7.2"
  resolved "https://registry.nlark.com/uikit/download/uikit-3.7.2.tgz#d38c2787ce653c1eee5535badd95814f1df64c3e"
  integrity sha1-04wnh85lPB7uVTW63ZWBTx32TD4=
